// !$*UTF8*$!
{
	archiveVersion = 1;
	classes = {
	};
	objectVersion = 46;
	objects = {

/* Begin PBXBuildFile section */
		0A9B4CE11B2C678F00F3F5A7 /* main.m in Sources */ = {isa = PBXBuildFile; fileRef = 0A9B4CE01B2C678F00F3F5A7 /* main.m */; };
		0A9B4CE41B2C678F00F3F5A7 /* AppDelegate.m in Sources */ = {isa = PBXBuildFile; fileRef = 0A9B4CE31B2C678F00F3F5A7 /* AppDelegate.m */; };
		0A9B4CE71B2C678F00F3F5A7 /* ViewController.m in Sources */ = {isa = PBXBuildFile; fileRef = 0A9B4CE61B2C678F00F3F5A7 /* ViewController.m */; };
		0A9B4CEA1B2C678F00F3F5A7 /* Main.storyboard in Resources */ = {isa = PBXBuildFile; fileRef = 0A9B4CE81B2C678F00F3F5A7 /* Main.storyboard */; };
		0A9B4CEC1B2C678F00F3F5A7 /* Images.xcassets in Resources */ = {isa = PBXBuildFile; fileRef = 0A9B4CEB1B2C678F00F3F5A7 /* Images.xcassets */; };
		0A9B4CEF1B2C678F00F3F5A7 /* LaunchScreen.xib in Resources */ = {isa = PBXBuildFile; fileRef = 0A9B4CED1B2C678F00F3F5A7 /* LaunchScreen.xib */; };
		0A9B4CFB1B2C678F00F3F5A7 /* AutoLayoutDemoTests.m in Sources */ = {isa = PBXBuildFile; fileRef = 0A9B4CFA1B2C678F00F3F5A7 /* AutoLayoutDemoTests.m */; };
		0A9B4D061B2C67B900F3F5A7 /* TableViewController.m in Sources */ = {isa = PBXBuildFile; fileRef = 0A9B4D051B2C67B900F3F5A7 /* TableViewController.m */; };
		0A9B4D091B2C67D700F3F5A7 /* AutoLayoutTableViewCell.m in Sources */ = {isa = PBXBuildFile; fileRef = 0A9B4D081B2C67D700F3F5A7 /* AutoLayoutTableViewCell.m */; };
		0A9B4D101B2C6ADC00F3F5A7 /* ConstraintViewController.m in Sources */ = {isa = PBXBuildFile; fileRef = 0A9B4D0F1B2C6ADC00F3F5A7 /* ConstraintViewController.m */; };
		0A9B4D131B2C6AE900F3F5A7 /* VFLViewController.m in Sources */ = {isa = PBXBuildFile; fileRef = 0A9B4D121B2C6AE900F3F5A7 /* VFLViewController.m */; };
		0ABE0D1C1C11C3500063A6B1 /* MasonryDemoViewController.m in Sources */ = {isa = PBXBuildFile; fileRef = 0ABE0D1B1C11C3500063A6B1 /* MasonryDemoViewController.m */; };
		0ABE0D1F1C11C3610063A6B1 /* MasonryTableViewCell.m in Sources */ = {isa = PBXBuildFile; fileRef = 0ABE0D1E1C11C3610063A6B1 /* MasonryTableViewCell.m */; };
		0ABE0D221C11C3760063A6B1 /* MasonryDataEntity.m in Sources */ = {isa = PBXBuildFile; fileRef = 0ABE0D211C11C3760063A6B1 /* MasonryDataEntity.m */; };
		AD292438D93F275AD281AFC4 /* libPods.a in Frameworks */ = {isa = PBXBuildFile; fileRef = 6DB63F43E8824A1909B574D1 /* libPods.a */; };
/* End PBXBuildFile section */

/* Begin PBXContainerItemProxy section */
		0A9B4CF51B2C678F00F3F5A7 /* PBXContainerItemProxy */ = {
			isa = PBXContainerItemProxy;
			containerPortal = 0A9B4CD31B2C678F00F3F5A7 /* Project object */;
			proxyType = 1;
			remoteGlobalIDString = 0A9B4CDA1B2C678F00F3F5A7;
			remoteInfo = AutoLayoutDemo;
		};
/* End PBXContainerItemProxy section */

/* Begin PBXFileReference section */
		0A9B4CDB1B2C678F00F3F5A7 /* AutoLayoutDemo.app */ = {isa = PBXFileReference; explicitFileType = wrapper.application; includeInIndex = 0; path = AutoLayoutDemo.app; sourceTree = BUILT_PRODUCTS_DIR; };
		0A9B4CDF1B2C678F00F3F5A7 /* Info.plist */ = {isa = PBXFileReference; lastKnownFileType = text.plist.xml; path = Info.plist; sourceTree = "<group>"; };
		0A9B4CE01B2C678F00F3F5A7 /* main.m */ = {isa = PBXFileReference; lastKnownFileType = sourcecode.c.objc; path = main.m; sourceTree = "<group>"; };
		0A9B4CE21B2C678F00F3F5A7 /* AppDelegate.h */ = {isa = PBXFileReference; lastKnownFileType = sourcecode.c.h; path = AppDelegate.h; sourceTree = "<group>"; };
		0A9B4CE31B2C678F00F3F5A7 /* AppDelegate.m */ = {isa = PBXFileReference; lastKnownFileType = sourcecode.c.objc; path = AppDelegate.m; sourceTree = "<group>"; };
		0A9B4CE51B2C678F00F3F5A7 /* ViewController.h */ = {isa = PBXFileReference; lastKnownFileType = sourcecode.c.h; path = ViewController.h; sourceTree = "<group>"; };
		0A9B4CE61B2C678F00F3F5A7 /* ViewController.m */ = {isa = PBXFileReference; lastKnownFileType = sourcecode.c.objc; path = ViewController.m; sourceTree = "<group>"; };
		0A9B4CE91B2C678F00F3F5A7 /* Base */ = {isa = PBXFileReference; lastKnownFileType = file.storyboard; name = Base; path = Base.lproj/Main.storyboard; sourceTree = "<group>"; };
		0A9B4CEB1B2C678F00F3F5A7 /* Images.xcassets */ = {isa = PBXFileReference; lastKnownFileType = folder.assetcatalog; path = Images.xcassets; sourceTree = "<group>"; };
		0A9B4CEE1B2C678F00F3F5A7 /* Base */ = {isa = PBXFileReference; lastKnownFileType = file.xib; name = Base; path = Base.lproj/LaunchScreen.xib; sourceTree = "<group>"; };
		0A9B4CF41B2C678F00F3F5A7 /* AutoLayoutDemoTests.xctest */ = {isa = PBXFileReference; explicitFileType = wrapper.cfbundle; includeInIndex = 0; path = AutoLayoutDemoTests.xctest; sourceTree = BUILT_PRODUCTS_DIR; };
		0A9B4CF91B2C678F00F3F5A7 /* Info.plist */ = {isa = PBXFileReference; lastKnownFileType = text.plist.xml; path = Info.plist; sourceTree = "<group>"; };
		0A9B4CFA1B2C678F00F3F5A7 /* AutoLayoutDemoTests.m */ = {isa = PBXFileReference; lastKnownFileType = sourcecode.c.objc; path = AutoLayoutDemoTests.m; sourceTree = "<group>"; };
		0A9B4D041B2C67B900F3F5A7 /* TableViewController.h */ = {isa = PBXFileReference; fileEncoding = 4; lastKnownFileType = sourcecode.c.h; path = TableViewController.h; sourceTree = "<group>"; };
		0A9B4D051B2C67B900F3F5A7 /* TableViewController.m */ = {isa = PBXFileReference; fileEncoding = 4; lastKnownFileType = sourcecode.c.objc; path = TableViewController.m; sourceTree = "<group>"; };
		0A9B4D071B2C67D700F3F5A7 /* AutoLayoutTableViewCell.h */ = {isa = PBXFileReference; fileEncoding = 4; lastKnownFileType = sourcecode.c.h; path = AutoLayoutTableViewCell.h; sourceTree = "<group>"; };
		0A9B4D081B2C67D700F3F5A7 /* AutoLayoutTableViewCell.m */ = {isa = PBXFileReference; fileEncoding = 4; lastKnownFileType = sourcecode.c.objc; path = AutoLayoutTableViewCell.m; sourceTree = "<group>"; };
		0A9B4D0A1B2C686100F3F5A7 /* Header.h */ = {isa = PBXFileReference; lastKnownFileType = sourcecode.c.h; path = Header.h; sourceTree = "<group>"; };
		0A9B4D0E1B2C6ADC00F3F5A7 /* ConstraintViewController.h */ = {isa = PBXFileReference; fileEncoding = 4; lastKnownFileType = sourcecode.c.h; path = ConstraintViewController.h; sourceTree = "<group>"; };
		0A9B4D0F1B2C6ADC00F3F5A7 /* ConstraintViewController.m */ = {isa = PBXFileReference; fileEncoding = 4; lastKnownFileType = sourcecode.c.objc; path = ConstraintViewController.m; sourceTree = "<group>"; };
		0A9B4D111B2C6AE900F3F5A7 /* VFLViewController.h */ = {isa = PBXFileReference; fileEncoding = 4; lastKnownFileType = sourcecode.c.h; path = VFLViewController.h; sourceTree = "<group>"; };
		0A9B4D121B2C6AE900F3F5A7 /* VFLViewController.m */ = {isa = PBXFileReference; fileEncoding = 4; lastKnownFileType = sourcecode.c.objc; path = VFLViewController.m; sourceTree = "<group>"; };
		0ABE0D1A1C11C3500063A6B1 /* MasonryDemoViewController.h */ = {isa = PBXFileReference; fileEncoding = 4; lastKnownFileType = sourcecode.c.h; path = MasonryDemoViewController.h; sourceTree = "<group>"; };
		0ABE0D1B1C11C3500063A6B1 /* MasonryDemoViewController.m */ = {isa = PBXFileReference; fileEncoding = 4; lastKnownFileType = sourcecode.c.objc; path = MasonryDemoViewController.m; sourceTree = "<group>"; };
		0ABE0D1D1C11C3610063A6B1 /* MasonryTableViewCell.h */ = {isa = PBXFileReference; fileEncoding = 4; lastKnownFileType = sourcecode.c.h; path = MasonryTableViewCell.h; sourceTree = "<group>"; };
		0ABE0D1E1C11C3610063A6B1 /* MasonryTableViewCell.m */ = {isa = PBXFileReference; fileEncoding = 4; lastKnownFileType = sourcecode.c.objc; path = MasonryTableViewCell.m; sourceTree = "<group>"; };
		0ABE0D201C11C3760063A6B1 /* MasonryDataEntity.h */ = {isa = PBXFileReference; fileEncoding = 4; lastKnownFileType = sourcecode.c.h; path = MasonryDataEntity.h; sourceTree = "<group>"; };
		0ABE0D211C11C3760063A6B1 /* MasonryDataEntity.m */ = {isa = PBXFileReference; fileEncoding = 4; lastKnownFileType = sourcecode.c.objc; path = MasonryDataEntity.m; sourceTree = "<group>"; };
		18BC82DBDFF4076DBC51DEBE /* Pods.release.xcconfig */ = {isa = PBXFileReference; includeInIndex = 1; lastKnownFileType = text.xcconfig; name = Pods.release.xcconfig; path = "Pods/Target Support Files/Pods/Pods.release.xcconfig"; sourceTree = "<group>"; };
		6DB63F43E8824A1909B574D1 /* libPods.a */ = {isa = PBXFileReference; explicitFileType = archive.ar; includeInIndex = 0; path = libPods.a; sourceTree = BUILT_PRODUCTS_DIR; };
		B24881EFEA7A867F72605FE6 /* Pods.debug.xcconfig */ = {isa = PBXFileReference; includeInIndex = 1; lastKnownFileType = text.xcconfig; name = Pods.debug.xcconfig; path = "Pods/Target Support Files/Pods/Pods.debug.xcconfig"; sourceTree = "<group>"; };
/* End PBXFileReference section */

/* Begin PBXFrameworksBuildPhase section */
		0A9B4CD81B2C678F00F3F5A7 /* Frameworks */ = {
			isa = PBXFrameworksBuildPhase;
			buildActionMask = 2147483647;
			files = (
				AD292438D93F275AD281AFC4 /* libPods.a in Frameworks */,
			);
			runOnlyForDeploymentPostprocessing = 0;
		};
		0A9B4CF11B2C678F00F3F5A7 /* Frameworks */ = {
			isa = PBXFrameworksBuildPhase;
			buildActionMask = 2147483647;
			files = (
			);
			runOnlyForDeploymentPostprocessing = 0;
		};
/* End PBXFrameworksBuildPhase section */

/* Begin PBXGroup section */
		0A9B4CD21B2C678F00F3F5A7 = {
			isa = PBXGroup;
			children = (
				0A9B4CDD1B2C678F00F3F5A7 /* AutoLayoutDemo */,
				0A9B4CF71B2C678F00F3F5A7 /* AutoLayoutDemoTests */,
				0A9B4CDC1B2C678F00F3F5A7 /* Products */,
				75E6D8672F35ED5153444986 /* Pods */,
				F029F1922F4DA0C6558C8798 /* Frameworks */,
			);
			sourceTree = "<group>";
		};
		0A9B4CDC1B2C678F00F3F5A7 /* Products */ = {
			isa = PBXGroup;
			children = (
				0A9B4CDB1B2C678F00F3F5A7 /* AutoLayoutDemo.app */,
				0A9B4CF41B2C678F00F3F5A7 /* AutoLayoutDemoTests.xctest */,
			);
			name = Products;
			sourceTree = "<group>";
		};
		0A9B4CDD1B2C678F00F3F5A7 /* AutoLayoutDemo */ = {
			isa = PBXGroup;
			children = (
				0A9B4CE21B2C678F00F3F5A7 /* AppDelegate.h */,
				0A9B4CE31B2C678F00F3F5A7 /* AppDelegate.m */,
				0A9B4CE51B2C678F00F3F5A7 /* ViewController.h */,
				0A9B4CE61B2C678F00F3F5A7 /* ViewController.m */,
				0A9B4D0E1B2C6ADC00F3F5A7 /* ConstraintViewController.h */,
				0A9B4D0F1B2C6ADC00F3F5A7 /* ConstraintViewController.m */,
				0A9B4D111B2C6AE900F3F5A7 /* VFLViewController.h */,
				0A9B4D121B2C6AE900F3F5A7 /* VFLViewController.m */,
				0A9B4D041B2C67B900F3F5A7 /* TableViewController.h */,
				0A9B4D051B2C67B900F3F5A7 /* TableViewController.m */,
				0A9B4D071B2C67D700F3F5A7 /* AutoLayoutTableViewCell.h */,
				0A9B4D081B2C67D700F3F5A7 /* AutoLayoutTableViewCell.m */,
				0ABE0D1A1C11C3500063A6B1 /* MasonryDemoViewController.h */,
				0ABE0D1B1C11C3500063A6B1 /* MasonryDemoViewController.m */,
				0ABE0D1D1C11C3610063A6B1 /* MasonryTableViewCell.h */,
				0ABE0D1E1C11C3610063A6B1 /* MasonryTableViewCell.m */,
				0ABE0D201C11C3760063A6B1 /* MasonryDataEntity.h */,
				0ABE0D211C11C3760063A6B1 /* MasonryDataEntity.m */,
				0A9B4CE81B2C678F00F3F5A7 /* Main.storyboard */,
				0A9B4CEB1B2C678F00F3F5A7 /* Images.xcassets */,
				0A9B4CED1B2C678F00F3F5A7 /* LaunchScreen.xib */,
				0A9B4CDE1B2C678F00F3F5A7 /* Supporting Files */,
			);
			path = AutoLayoutDemo;
			sourceTree = "<group>";
		};
		0A9B4CDE1B2C678F00F3F5A7 /* Supporting Files */ = {
			isa = PBXGroup;
			children = (
				0A9B4CDF1B2C678F00F3F5A7 /* Info.plist */,
				0A9B4CE01B2C678F00F3F5A7 /* main.m */,
				0A9B4D0A1B2C686100F3F5A7 /* Header.h */,
			);
			name = "Supporting Files";
			sourceTree = "<group>";
		};
		0A9B4CF71B2C678F00F3F5A7 /* AutoLayoutDemoTests */ = {
			isa = PBXGroup;
			children = (
				0A9B4CFA1B2C678F00F3F5A7 /* AutoLayoutDemoTests.m */,
				0A9B4CF81B2C678F00F3F5A7 /* Supporting Files */,
			);
			path = AutoLayoutDemoTests;
			sourceTree = "<group>";
		};
		0A9B4CF81B2C678F00F3F5A7 /* Supporting Files */ = {
			isa = PBXGroup;
			children = (
				0A9B4CF91B2C678F00F3F5A7 /* Info.plist */,
			);
			name = "Supporting Files";
			sourceTree = "<group>";
		};
		75E6D8672F35ED5153444986 /* Pods */ = {
			isa = PBXGroup;
			children = (
				B24881EFEA7A867F72605FE6 /* Pods.debug.xcconfig */,
				18BC82DBDFF4076DBC51DEBE /* Pods.release.xcconfig */,
			);
			name = Pods;
			sourceTree = "<group>";
		};
		F029F1922F4DA0C6558C8798 /* Frameworks */ = {
			isa = PBXGroup;
			children = (
				6DB63F43E8824A1909B574D1 /* libPods.a */,
			);
			name = Frameworks;
			sourceTree = "<group>";
		};
/* End PBXGroup section */

/* Begin PBXNativeTarget section */
		0A9B4CDA1B2C678F00F3F5A7 /* AutoLayoutDemo */ = {
			isa = PBXNativeTarget;
			buildConfigurationList = 0A9B4CFE1B2C678F00F3F5A7 /* Build configuration list for PBXNativeTarget "AutoLayoutDemo" */;
			buildPhases = (
				55AB28B56A0C7C44211926E7 /* Check Pods Manifest.lock */,
				0A9B4CD71B2C678F00F3F5A7 /* Sources */,
				0A9B4CD81B2C678F00F3F5A7 /* Frameworks */,
				0A9B4CD91B2C678F00F3F5A7 /* Resources */,
				0EFD649546E56C835F309933 /* Embed Pods Frameworks */,
				7F0FE3979EA1E404E706A992 /* Copy Pods Resources */,
			);
			buildRules = (
			);
			dependencies = (
			);
			name = AutoLayoutDemo;
			productName = AutoLayoutDemo;
			productReference = 0A9B4CDB1B2C678F00F3F5A7 /* AutoLayoutDemo.app */;
			productType = "com.apple.product-type.application";
		};
		0A9B4CF31B2C678F00F3F5A7 /* AutoLayoutDemoTests */ = {
			isa = PBXNativeTarget;
			buildConfigurationList = 0A9B4D011B2C678F00F3F5A7 /* Build configuration list for PBXNativeTarget "AutoLayoutDemoTests" */;
			buildPhases = (
				0A9B4CF01B2C678F00F3F5A7 /* Sources */,
				0A9B4CF11B2C678F00F3F5A7 /* Frameworks */,
				0A9B4CF21B2C678F00F3F5A7 /* Resources */,
			);
			buildRules = (
			);
			dependencies = (
				0A9B4CF61B2C678F00F3F5A7 /* PBXTargetDependency */,
			);
			name = AutoLayoutDemoTests;
			productName = AutoLayoutDemoTests;
			productReference = 0A9B4CF41B2C678F00F3F5A7 /* AutoLayoutDemoTests.xctest */;
			productType = "com.apple.product-type.bundle.unit-test";
		};
/* End PBXNativeTarget section */

/* Begin PBXProject section */
		0A9B4CD31B2C678F00F3F5A7 /* Project object */ = {
			isa = PBXProject;
			attributes = {
				LastUpgradeCheck = 0630;
				ORGANIZATIONNAME = apple;
				TargetAttributes = {
					0A9B4CDA1B2C678F00F3F5A7 = {
						CreatedOnToolsVersion = 6.3.2;
					};
					0A9B4CF31B2C678F00F3F5A7 = {
						CreatedOnToolsVersion = 6.3.2;
						TestTargetID = 0A9B4CDA1B2C678F00F3F5A7;
					};
				};
			};
			buildConfigurationList = 0A9B4CD61B2C678F00F3F5A7 /* Build configuration list for PBXProject "AutoLayoutDemo" */;
			compatibilityVersion = "Xcode 3.2";
			developmentRegion = English;
			hasScannedForEncodings = 0;
			knownRegions = (
				en,
				Base,
			);
			mainGroup = 0A9B4CD21B2C678F00F3F5A7;
			productRefGroup = 0A9B4CDC1B2C678F00F3F5A7 /* Products */;
			projectDirPath = "";
			projectRoot = "";
			targets = (
				0A9B4CDA1B2C678F00F3F5A7 /* AutoLayoutDemo */,
				0A9B4CF31B2C678F00F3F5A7 /* AutoLayoutDemoTests */,
			);
		};
/* End PBXProject section */

/* Begin PBXResourcesBuildPhase section */
		0A9B4CD91B2C678F00F3F5A7 /* Resources */ = {
			isa = PBXResourcesBuildPhase;
			buildActionMask = 2147483647;
			files = (
				0A9B4CEA1B2C678F00F3F5A7 /* Main.storyboard in Resources */,
				0A9B4CEF1B2C678F00F3F5A7 /* LaunchScreen.xib in Resources */,
				0A9B4CEC1B2C678F00F3F5A7 /* Images.xcassets in Resources */,
			);
			runOnlyForDeploymentPostprocessing = 0;
		};
		0A9B4CF21B2C678F00F3F5A7 /* Resources */ = {
			isa = PBXResourcesBuildPhase;
			buildActionMask = 2147483647;
			files = (
			);
			runOnlyForDeploymentPostprocessing = 0;
		};
/* End PBXResourcesBuildPhase section */

/* Begin PBXShellScriptBuildPhase section */
		0EFD649546E56C835F309933 /* Embed Pods Frameworks */ = {
			isa = PBXShellScriptBuildPhase;
			buildActionMask = 2147483647;
			files = (
			);
			inputPaths = (
			);
			name = "Embed Pods Frameworks";
			outputPaths = (
			);
			runOnlyForDeploymentPostprocessing = 0;
			shellPath = /bin/sh;
			shellScript = "\"${SRCROOT}/Pods/Target Support Files/Pods/Pods-frameworks.sh\"\n";
			showEnvVarsInLog = 0;
		};
		55AB28B56A0C7C44211926E7 /* Check Pods Manifest.lock */ = {
			isa = PBXShellScriptBuildPhase;
			buildActionMask = 2147483647;
			files = (
			);
			inputPaths = (
			);
			name = "Check Pods Manifest.lock";
			outputPaths = (
			);
			runOnlyForDeploymentPostprocessing = 0;
			shellPath = /bin/sh;
			shellScript = "diff \"${PODS_ROOT}/../Podfile.lock\" \"${PODS_ROOT}/Manifest.lock\" > /dev/null\nif [[ $? != 0 ]] ; then\n    cat << EOM\nerror: The sandbox is not in sync with the Podfile.lock. Run 'pod install' or update your CocoaPods installation.\nEOM\n    exit 1\nfi\n";
			showEnvVarsInLog = 0;
		};
		7F0FE3979EA1E404E706A992 /* Copy Pods Resources */ = {
			isa = PBXShellScriptBuildPhase;
			buildActionMask = 2147483647;
			files = (
			);
			inputPaths = (
			);
			name = "Copy Pods Resources";
			outputPaths = (
			);
			runOnlyForDeploymentPostprocessing = 0;
			shellPath = /bin/sh;
			shellScript = "\"${SRCROOT}/Pods/Target Support Files/Pods/Pods-resources.sh\"\n";
			showEnvVarsInLog = 0;
		};
/* End PBXShellScriptBuildPhase section */

/* Begin PBXSourcesBuildPhase section */
		0A9B4CD71B2C678F00F3F5A7 /* Sources */ = {
			isa = PBXSourcesBuildPhase;
			buildActionMask = 2147483647;
			files = (
				0A9B4CE71B2C678F00F3F5A7 /* ViewController.m in Sources */,
				0A9B4D101B2C6ADC00F3F5A7 /* ConstraintViewController.m in Sources */,
				0ABE0D221C11C3760063A6B1 /* MasonryDataEntity.m in Sources */,
				0A9B4D131B2C6AE900F3F5A7 /* VFLViewController.m in Sources */,
				0ABE0D1C1C11C3500063A6B1 /* MasonryDemoViewController.m in Sources */,
				0ABE0D1F1C11C3610063A6B1 /* MasonryTableViewCell.m in Sources */,
				0A9B4CE41B2C678F00F3F5A7 /* AppDelegate.m in Sources */,
				0A9B4CE11B2C678F00F3F5A7 /* main.m in Sources */,
				0A9B4D091B2C67D700F3F5A7 /* AutoLayoutTableViewCell.m in Sources */,
				0A9B4D061B2C67B900F3F5A7 /* TableViewController.m in Sources */,
			);
			runOnlyForDeploymentPostprocessing = 0;
		};
		0A9B4CF01B2C678F00F3F5A7 /* Sources */ = {
			isa = PBXSourcesBuildPhase;
			buildActionMask = 2147483647;
			files = (
				0A9B4CFB1B2C678F00F3F5A7 /* AutoLayoutDemoTests.m in Sources */,
			);
			runOnlyForDeploymentPostprocessing = 0;
		};
/* End PBXSourcesBuildPhase section */

/* Begin PBXTargetDependency section */
		0A9B4CF61B2C678F00F3F5A7 /* PBXTargetDependency */ = {
			isa = PBXTargetDependency;
			target = 0A9B4CDA1B2C678F00F3F5A7 /* AutoLayoutDemo */;
			targetProxy = 0A9B4CF51B2C678F00F3F5A7 /* PBXContainerItemProxy */;
		};
/* End PBXTargetDependency section */

/* Begin PBXVariantGroup section */
		0A9B4CE81B2C678F00F3F5A7 /* Main.storyboard */ = {
			isa = PBXVariantGroup;
			children = (
				0A9B4CE91B2C678F00F3F5A7 /* Base */,
			);
			name = Main.storyboard;
			sourceTree = "<group>";
		};
		0A9B4CED1B2C678F00F3F5A7 /* LaunchScreen.xib */ = {
			isa = PBXVariantGroup;
			children = (
				0A9B4CEE1B2C678F00F3F5A7 /* Base */,
			);
			name = LaunchScreen.xib;
			sourceTree = "<group>";
		};
/* End PBXVariantGroup section */

/* Begin XCBuildConfiguration section */
		0A9B4CFC1B2C678F00F3F5A7 /* Debug */ = {
			isa = XCBuildConfiguration;
			buildSettings = {
				ALWAYS_SEARCH_USER_PATHS = NO;
				CLANG_CXX_LANGUAGE_STANDARD = "gnu++0x";
				CLANG_CXX_LIBRARY = "libc++";
				CLANG_ENABLE_MODULES = YES;
				CLANG_ENABLE_OBJC_ARC = YES;
				CLANG_WARN_BOOL_CONVERSION = YES;
				CLANG_WARN_CONSTANT_CONVERSION = YES;
				CLANG_WARN_DIRECT_OBJC_ISA_USAGE = YES_ERROR;
				CLANG_WARN_EMPTY_BODY = YES;
				CLANG_WARN_ENUM_CONVERSION = YES;
				CLANG_WARN_INT_CONVERSION = YES;
				CLANG_WARN_OBJC_ROOT_CLASS = YES_ERROR;
				CLANG_WARN_UNREACHABLE_CODE = YES;
				CLANG_WARN__DUPLICATE_METHOD_MATCH = YES;
				"CODE_SIGN_IDENTITY[sdk=iphoneos*]" = "iPhone Developer";
				COPY_PHASE_STRIP = NO;
				DEBUG_INFORMATION_FORMAT = "dwarf-with-dsym";
				ENABLE_STRICT_OBJC_MSGSEND = YES;
				GCC_C_LANGUAGE_STANDARD = gnu99;
				GCC_DYNAMIC_NO_PIC = NO;
				GCC_NO_COMMON_BLOCKS = YES;
				GCC_OPTIMIZATION_LEVEL = 0;
				GCC_PREPROCESSOR_DEFINITIONS = (
					"DEBUG=1",
					"$(inherited)",
				);
				GCC_SYMBOLS_PRIVATE_EXTERN = NO;
				GCC_WARN_64_TO_32_BIT_CONVERSION = YES;
				GCC_WARN_ABOUT_RETURN_TYPE = YES_ERROR;
				GCC_WARN_UNDECLARED_SELECTOR = YES;
				GCC_WARN_UNINITIALIZED_AUTOS = YES_AGGRESSIVE;
				GCC_WARN_UNUSED_FUNCTION = YES;
				GCC_WARN_UNUSED_VARIABLE = YES;
				IPHONEOS_DEPLOYMENT_TARGET = 8.3;
				MTL_ENABLE_DEBUG_INFO = YES;
				ONLY_ACTIVE_ARCH = YES;
				SDKROOT = iphoneos;
			};
			name = Debug;
		};
		0A9B4CFD1B2C678F00F3F5A7 /* Release */ = {
			isa = XCBuildConfiguration;
			buildSettings = {
				ALWAYS_SEARCH_USER_PATHS = NO;
				CLANG_CXX_LANGUAGE_STANDARD = "gnu++0x";
				CLANG_CXX_LIBRARY = "libc++";
				CLANG_ENABLE_MODULES = YES;
				CLANG_ENABLE_OBJC_ARC = YES;
				CLANG_WARN_BOOL_CONVERSION = YES;
				CLANG_WARN_CONSTANT_CONVERSION = YES;
				CLANG_WARN_DIRECT_OBJC_ISA_USAGE = YES_ERROR;
				CLANG_WARN_EMPTY_BODY = YES;
				CLANG_WARN_ENUM_CONVERSION = YES;
				CLANG_WARN_INT_CONVERSION = YES;
				CLANG_WARN_OBJC_ROOT_CLASS = YES_ERROR;
				CLANG_WARN_UNREACHABLE_CODE = YES;
				CLANG_WARN__DUPLICATE_METHOD_MATCH = YES;
				"CODE_SIGN_IDENTITY[sdk=iphoneos*]" = "iPhone Developer";
				COPY_PHASE_STRIP = NO;
				DEBUG_INFORMATION_FORMAT = "dwarf-with-dsym";
				ENABLE_NS_ASSERTIONS = NO;
				ENABLE_STRICT_OBJC_MSGSEND = YES;
				GCC_C_LANGUAGE_STANDARD = gnu99;
				GCC_NO_COMMON_BLOCKS = YES;
				GCC_WARN_64_TO_32_BIT_CONVERSION = YES;
				GCC_WARN_ABOUT_RETURN_TYPE = YES_ERROR;
				GCC_WARN_UNDECLARED_SELECTOR = YES;
				GCC_WARN_UNINITIALIZED_AUTOS = YES_AGGRESSIVE;
				GCC_WARN_UNUSED_FUNCTION = YES;
				GCC_WARN_UNUSED_VARIABLE = YES;
				IPHONEOS_DEPLOYMENT_TARGET = 8.3;
				MTL_ENABLE_DEBUG_INFO = NO;
				SDKROOT = iphoneos;
				VALIDATE_PRODUCT = YES;
			};
			name = Release;
		};
		0A9B4CFF1B2C678F00F3F5A7 /* Debug */ = {
			isa = XCBuildConfiguration;
			baseConfigurationReference = B24881EFEA7A867F72605FE6 /* Pods.debug.xcconfig */;
			buildSettings = {
				ASSETCATALOG_COMPILER_APPICON_NAME = AppIcon;
				GCC_PREFIX_HEADER = AutoLayoutDemo/Header.h;
				INFOPLIST_FILE = AutoLayoutDemo/Info.plist;
				IPHONEOS_DEPLOYMENT_TARGET = 6.0;
				LD_RUNPATH_SEARCH_PATHS = "$(inherited) @executable_path/Frameworks";
				PRODUCT_NAME = "$(TARGET_NAME)";
				TARGETED_DEVICE_FAMILY = "1,2";
			};
			name = Debug;
		};
		0A9B4D001B2C678F00F3F5A7 /* Release */ = {
			isa = XCBuildConfiguration;
			baseConfigurationReference = 18BC82DBDFF4076DBC51DEBE /* Pods.release.xcconfig */;
			buildSettings = {
				ASSETCATALOG_COMPILER_APPICON_NAME = AppIcon;
				GCC_PREFIX_HEADER = AutoLayoutDemo/Header.h;
				INFOPLIST_FILE = AutoLayoutDemo/Info.plist;
				IPHONEOS_DEPLOYMENT_TARGET = 6.0;
				LD_RUNPATH_SEARCH_PATHS = "$(inherited) @executable_path/Frameworks";
				PRODUCT_NAME = "$(TARGET_NAME)";
				TARGETED_DEVICE_FAMILY = "1,2";
			};
			name = Release;
		};
		0A9B4D021B2C678F00F3F5A7 /* Debug */ = {
			isa = XCBuildConfiguration;
			buildSettings = {
				BUNDLE_LOADER = "$(TEST_HOST)";
				FRAMEWORK_SEARCH_PATHS = (
					"$(SDKROOT)/Developer/Library/Frameworks",
					"$(inherited)",
				);
				GCC_PREPROCESSOR_DEFINITIONS = (
					"DEBUG=1",
					"$(inherited)",
				);
				INFOPLIST_FILE = AutoLayoutDemoTests/Info.plist;
				LD_RUNPATH_SEARCH_PATHS = "$(inherited) @executable_path/Frameworks @loader_path/Frameworks";
				PRODUCT_NAME = "$(TARGET_NAME)";
				TEST_HOST = "$(BUILT_PRODUCTS_DIR)/AutoLayoutDemo.app/AutoLayoutDemo";
			};
			name = Debug;
		};
		0A9B4D031B2C678F00F3F5A7 /* Release */ = {
			isa = XCBuildConfiguration;
			buildSettings = {
				BUNDLE_LOADER = "$(TEST_HOST)";
				FRAMEWORK_SEARCH_PATHS = (
					"$(SDKROOT)/Developer/Library/Frameworks",
					"$(inherited)",
				);
				INFOPLIST_FILE = AutoLayoutDemoTests/Info.plist;
				LD_RUNPATH_SEARCH_PATHS = "$(inherited) @executable_path/Frameworks @loader_path/Frameworks";
				PRODUCT_NAME = "$(TARGET_NAME)";
				TEST_HOST = "$(BUILT_PRODUCTS_DIR)/AutoLayoutDemo.app/AutoLayoutDemo";
			};
			name = Release;
		};
/* End XCBuildConfiguration section */

/* Begin XCConfigurationList section */
		0A9B4CD61B2C678F00F3F5A7 /* Build configuration list for PBXProject "AutoLayoutDemo" */ = {
			isa = XCConfigurationList;
			buildConfigurations = (
				0A9B4CFC1B2C678F00F3F5A7 /* Debug */,
				0A9B4CFD1B2C678F00F3F5A7 /* Release */,
			);
			defaultConfigurationIsVisible = 0;
			defaultConfigurationName = Release;
		};
		0A9B4CFE1B2C678F00F3F5A7 /* Build configuration list for PBXNativeTarget "AutoLayoutDemo" */ = {
			isa = XCConfigurationList;
			buildConfigurations = (
				0A9B4CFF1B2C678F00F3F5A7 /* Debug */,
				0A9B4D001B2C678F00F3F5A7 /* Release */,
			);
			defaultConfigurationIsVisible = 0;
			defaultConfigurationName = Release;
		};
		0A9B4D011B2C678F00F3F5A7 /* Build configuration list for PBXNativeTarget "AutoLayoutDemoTests" */ = {
			isa = XCConfigurationList;
			buildConfigurations = (
				0A9B4D021B2C678F00F3F5A7 /* Debug */,
				0A9B4D031B2C678F00F3F5A7 /* Release */,
			);
			defaultConfigurationIsVisible = 0;
			defaultConfigurationName = Release;
		};
/* End XCConfigurationList section */
	};
	rootObject = 0A9B4CD31B2C678F00F3F5A7 /* Project object */;
}
